
Microsoft Visual Studio Solution File, Format Version 12.00
# Visual Studio 14
VisualStudioVersion = 14.0.24720.0
MinimumVisualStudioVersion = 10.0.40219.1
Project("{FAE04EC0-301F-11D3-BF4B-00C04F79EFBC}") = "MatrixTask", "MatrixTask.csproj", "{758CDDC4-FA2C-4E82-ADF3-E9020FD427A0}"
EndProject
Project("{2150E333-8FDC-42A3-9474-1A3956D46DE8}") = "Solution Items", "Solution Items", "{43C993AC-C73F-4E87-BE66-6A0186F39A2C}"
	ProjectSection(SolutionItems) = preProject
		..\global.json = ..\global.json
	EndProjectSection
EndProject
Project("{FAE04EC0-301F-11D3-BF4B-00C04F79EFBC}") = "BusinessLogic", "..\BusinessLogic\BusinessLogic.csproj", "{2C679B3E-ACD4-4619-A593-AA9C56266022}"
EndProject
Project("{FAE04EC0-301F-11D3-BF4B-00C04F79EFBC}") = "UnitTests", "UnitTests\UnitTests.csproj", "{8B9D00D9-6E21-4285-9982-D334BD214598}"
EndProject
Global
	GlobalSection(SolutionConfigurationPlatforms) = preSolution
		Debug|Any CPU = Debug|Any CPU
		Release|Any CPU = Release|Any CPU
	EndGlobalSection
	GlobalSection(ProjectConfigurationPlatforms) = postSolution
		{758CDDC4-FA2C-4E82-ADF3-E9020FD427A0}.Debug|Any CPU.ActiveCfg = Debug|Any CPU
		{758CDDC4-FA2C-4E82-ADF3-E9020FD427A0}.Debug|Any CPU.Build.0 = Debug|Any CPU
		{758CDDC4-FA2C-4E82-ADF3-E9020FD427A0}.Release|Any CPU.ActiveCfg = Release|Any CPU
		{758CDDC4-FA2C-4E82-ADF3-E9020FD427A0}.Release|Any CPU.Build.0 = Release|Any CPU
		{2C679B3E-ACD4-4619-A593-AA9C56266022}.Debug|Any CPU.ActiveCfg = Debug|Any CPU
		{2C679B3E-ACD4-4619-A593-AA9C56266022}.Debug|Any CPU.Build.0 = Debug|Any CPU
		{2C679B3E-ACD4-4619-A593-AA9C56266022}.Release|Any CPU.ActiveCfg = Release|Any CPU
		{2C679B3E-ACD4-4619-A593-AA9C56266022}.Release|Any CPU.Build.0 = Release|Any CPU
		{8B9D00D9-6E21-4285-9982-D334BD214598}.Debug|Any CPU.ActiveCfg = Debug|Any CPU
		{8B9D00D9-6E21-4285-9982-D334BD214598}.Debug|Any CPU.Build.0 = Debug|Any CPU
		{8B9D00D9-6E21-4285-9982-D334BD214598}.Release|Any CPU.ActiveCfg = Release|Any CPU
		{8B9D00D9-6E21-4285-9982-D334BD214598}.Release|Any CPU.Build.0 = Release|Any CPU
	EndGlobalSection
	GlobalSection(SolutionProperties) = preSolution
		HideSolutionNode = FALSE
	EndGlobalSection
EndGlobal
